
Microsoft Visual Studio Solution File, Format Version 12.00
# Visual Studio Version 17
VisualStudioVersion = 17.11.35327.3
MinimumVisualStudioVersion = 10.0.40219.1
Project("{FAE04EC0-301F-11D3-BF4B-00C04F79EFBC}") = "NeuralNetwork", "NeuralNetwork\NeuralNetwork.csproj", "{C40D3E8C-D05C-47A1-A346-4A952AFDABAC}"
EndProject
Global
	GlobalSection(SolutionConfigurationPlatforms) = preSolution
		Debug|Any CPU = Debug|Any CPU
		Release|Any CPU = Release|Any CPU
	EndGlobalSection
	GlobalSection(ProjectConfigurationPlatforms) = postSolution
		{C40D3E8C-D05C-47A1-A346-4A952AFDABAC}.Debug|Any CPU.ActiveCfg = Debug|Any CPU
		{C40D3E8C-D05C-47A1-A346-4A952AFDABAC}.Debug|Any CPU.Build.0 = Debug|Any CPU
		{C40D3E8C-D05C-47A1-A346-4A952AFDABAC}.Release|Any CPU.ActiveCfg = Release|Any CPU
		{C40D3E8C-D05C-47A1-A346-4A952AFDABAC}.Release|Any CPU.Build.0 = Release|Any CPU
	EndGlobalSection
	GlobalSection(SolutionProperties) = preSolution
		HideSolutionNode = FALSE
	EndGlobalSection
	GlobalSection(ExtensibilityGlobals) = postSolution
		SolutionGuid = {0D25768F-976A-487C-A0D3-FD50BC9FEE2F}
	EndGlobalSection
EndGlobal
